
Microsoft Visual Studio Solution File, Format Version 12.00
# Visual Studio Version 17
VisualStudioVersion = 17.6.33723.286
MinimumVisualStudioVersion = 10.0.40219.1
Project("{8BC9CEB8-8B4A-11D0-8D11-00A0C91BC942}") = "Lecture 1", "Lecture 1\Lecture 1.vcxproj", "{74549010-236C-4F59-809F-2E0EC3840908}"
EndProject
Project("{8BC9CEB8-8B4A-11D0-8D11-00A0C91BC942}") = "Lecture 2", "Lecture 2\Lecture 2.vcxproj", "{0A1E7FCD-B1ED-4FB3-B8AB-F8673442B3C6}"
EndProject
Project("{8BC9CEB8-8B4A-11D0-8D11-00A0C91BC942}") = "Lecture 3", "Lecture 3\Lecture 3.vcxproj", "{6790917A-C8DD-4B3E-983B-0C9CEA0E0392}"
EndProject
Project("{8BC9CEB8-8B4A-11D0-8D11-00A0C91BC942}") = "Lecture 4", "Lecture 4\Lecture 4.vcxproj", "{46E57240-2003-4D73-AAD0-D13C33DABD4F}"
EndProject
Project("{8BC9CEB8-8B4A-11D0-8D11-00A0C91BC942}") = "Lecture 5", "Lecture 5\Lecture 5.vcxproj", "{D39BC38E-472B-4B50-8465-6E4D1DFC6A21}"
EndProject
Project("{8BC9CEB8-8B4A-11D0-8D11-00A0C91BC942}") = "Lecture 6", "Lecture 6\Lecture 6.vcxproj", "{3FAF1B0E-B262-4A84-8664-87FEA0721A8E}"
EndProject
Project("{8BC9CEB8-8B4A-11D0-8D11-00A0C91BC942}") = "Lecture 7", "Lecture 7\Lecture 7.vcxproj", "{2FC7CFAF-7E89-4357-A797-9DB1DB5E7D17}"
EndProject
Project("{8BC9CEB8-8B4A-11D0-8D11-00A0C91BC942}") = "Lecture 8", "Lecture 8\Lecture 8.vcxproj", "{A6053B59-865F-49FE-873E-8E4158F78343}"
EndProject
Project("{8BC9CEB8-8B4A-11D0-8D11-00A0C91BC942}") = "Lecture 9", "Lecture 9\Lecture 9.vcxproj", "{75E15DEC-4650-4E39-A9B6-067448CB2435}"
EndProject
Global
	GlobalSection(SolutionConfigurationPlatforms) = preSolution
		Debug|x64 = Debug|x64
		Debug|x86 = Debug|x86
		Release|x64 = Release|x64
		Release|x86 = Release|x86
	EndGlobalSection
	GlobalSection(ProjectConfigurationPlatforms) = postSolution
		{74549010-236C-4F59-809F-2E0EC3840908}.Debug|x64.ActiveCfg = Debug|x64
		{74549010-236C-4F59-809F-2E0EC3840908}.Debug|x64.Build.0 = Debug|x64
		{74549010-236C-4F59-809F-2E0EC3840908}.Debug|x86.ActiveCfg = Debug|Win32
		{74549010-236C-4F59-809F-2E0EC3840908}.Debug|x86.Build.0 = Debug|Win32
		{74549010-236C-4F59-809F-2E0EC3840908}.Release|x64.ActiveCfg = Release|x64
		{74549010-236C-4F59-809F-2E0EC3840908}.Release|x64.Build.0 = Release|x64
		{74549010-236C-4F59-809F-2E0EC3840908}.Release|x86.ActiveCfg = Release|Win32
		{74549010-236C-4F59-809F-2E0EC3840908}.Release|x86.Build.0 = Release|Win32
		{0A1E7FCD-B1ED-4FB3-B8AB-F8673442B3C6}.Debug|x64.ActiveCfg = Debug|x64
		{0A1E7FCD-B1ED-4FB3-B8AB-F8673442B3C6}.Debug|x64.Build.0 = Debug|x64
		{0A1E7FCD-B1ED-4FB3-B8AB-F8673442B3C6}.Debug|x86.ActiveCfg = Debug|Win32
		{0A1E7FCD-B1ED-4FB3-B8AB-F8673442B3C6}.Debug|x86.Build.0 = Debug|Win32
		{0A1E7FCD-B1ED-4FB3-B8AB-F8673442B3C6}.Release|x64.ActiveCfg = Release|x64
		{0A1E7FCD-B1ED-4FB3-B8AB-F8673442B3C6}.Release|x64.Build.0 = Release|x64
		{0A1E7FCD-B1ED-4FB3-B8AB-F8673442B3C6}.Release|x86.ActiveCfg = Release|Win32
		{0A1E7FCD-B1ED-4FB3-B8AB-F8673442B3C6}.Release|x86.Build.0 = Release|Win32
		{6790917A-C8DD-4B3E-983B-0C9CEA0E0392}.Debug|x64.ActiveCfg = Debug|x64
		{6790917A-C8DD-4B3E-983B-0C9CEA0E0392}.Debug|x64.Build.0 = Debug|x64
		{6790917A-C8DD-4B3E-983B-0C9CEA0E0392}.Debug|x86.ActiveCfg = Debug|Win32
		{6790917A-C8DD-4B3E-983B-0C9CEA0E0392}.Debug|x86.Build.0 = Debug|Win32
		{6790917A-C8DD-4B3E-983B-0C9CEA0E0392}.Release|x64.ActiveCfg = Release|x64
		{6790917A-C8DD-4B3E-983B-0C9CEA0E0392}.Release|x64.Build.0 = Release|x64
		{6790917A-C8DD-4B3E-983B-0C9CEA0E0392}.Release|x86.ActiveCfg = Release|Win32
		{6790917A-C8DD-4B3E-983B-0C9CEA0E0392}.Release|x86.Build.0 = Release|Win32
		{46E57240-2003-4D73-AAD0-D13C33DABD4F}.Debug|x64.ActiveCfg = Debug|x64
		{46E57240-2003-4D73-AAD0-D13C33DABD4F}.Debug|x64.Build.0 = Debug|x64
		{46E57240-2003-4D73-AAD0-D13C33DABD4F}.Debug|x86.ActiveCfg = Debug|Win32
		{46E57240-2003-4D73-AAD0-D13C33DABD4F}.Debug|x86.Build.0 = Debug|Win32
		{46E57240-2003-4D73-AAD0-D13C33DABD4F}.Release|x64.ActiveCfg = Release|x64
		{46E57240-2003-4D73-AAD0-D13C33DABD4F}.Release|x64.Build.0 = Release|x64
		{46E57240-2003-4D73-AAD0-D13C33DABD4F}.Release|x86.ActiveCfg = Release|Win32
		{46E57240-2003-4D73-AAD0-D13C33DABD4F}.Release|x86.Build.0 = Release|Win32
		{D39BC38E-472B-4B50-8465-6E4D1DFC6A21}.Debug|x64.ActiveCfg = Debug|x64
		{D39BC38E-472B-4B50-8465-6E4D1DFC6A21}.Debug|x64.Build.0 = Debug|x64
		{D39BC38E-472B-4B50-8465-6E4D1DFC6A21}.Debug|x86.ActiveCfg = Debug|Win32
		{D39BC38E-472B-4B50-8465-6E4D1DFC6A21}.Debug|x86.Build.0 = Debug|Win32
		{D39BC38E-472B-4B50-8465-6E4D1DFC6A21}.Release|x64.ActiveCfg = Release|x64
		{D39BC38E-472B-4B50-8465-6E4D1DFC6A21}.Release|x64.Build.0 = Release|x64
		{D39BC38E-472B-4B50-8465-6E4D1DFC6A21}.Release|x86.ActiveCfg = Release|Win32
		{D39BC38E-472B-4B50-8465-6E4D1DFC6A21}.Release|x86.Build.0 = Release|Win32
		{3FAF1B0E-B262-4A84-8664-87FEA0721A8E}.Debug|x64.ActiveCfg = Debug|x64
		{3FAF1B0E-B262-4A84-8664-87FEA0721A8E}.Debug|x64.Build.0 = Debug|x64
		{3FAF1B0E-B262-4A84-8664-87FEA0721A8E}.Debug|x86.ActiveCfg = Debug|Win32
		{3FAF1B0E-B262-4A84-8664-87FEA0721A8E}.Debug|x86.Build.0 = Debug|Win32
		{3FAF1B0E-B262-4A84-8664-87FEA0721A8E}.Release|x64.ActiveCfg = Release|x64
		{3FAF1B0E-B262-4A84-8664-87FEA0721A8E}.Release|x64.Build.0 = Release|x64
		{3FAF1B0E-B262-4A84-8664-87FEA0721A8E}.Release|x86.ActiveCfg = Release|Win32
		{3FAF1B0E-B262-4A84-8664-87FEA0721A8E}.Release|x86.Build.0 = Release|Win32
		{2FC7CFAF-7E89-4357-A797-9DB1DB5E7D17}.Debug|x64.ActiveCfg = Debug|x64
		{2FC7CFAF-7E89-4357-A797-9DB1DB5E7D17}.Debug|x64.Build.0 = Debug|x64
		{2FC7CFAF-7E89-4357-A797-9DB1DB5E7D17}.Debug|x86.ActiveCfg = Debug|Win32
		{2FC7CFAF-7E89-4357-A797-9DB1DB5E7D17}.Debug|x86.Build.0 = Debug|Win32
		{2FC7CFAF-7E89-4357-A797-9DB1DB5E7D17}.Release|x64.ActiveCfg = Release|x64
		{2FC7CFAF-7E89-4357-A797-9DB1DB5E7D17}.Release|x64.Build.0 = Release|x64
		{2FC7CFAF-7E89-4357-A797-9DB1DB5E7D17}.Release|x86.ActiveCfg = Release|Win32
		{2FC7CFAF-7E89-4357-A797-9DB1DB5E7D17}.Release|x86.Build.0 = Release|Win32
		{A6053B59-865F-49FE-873E-8E4158F78343}.Debug|x64.ActiveCfg = Debug|x64
		{A6053B59-865F-49FE-873E-8E4158F78343}.Debug|x64.Build.0 = Debug|x64
		{A6053B59-865F-49FE-873E-8E4158F78343}.Debug|x86.ActiveCfg = Debug|Win32
		{A6053B59-865F-49FE-873E-8E4158F78343}.Debug|x86.Build.0 = Debug|Win32
		{A6053B59-865F-49FE-873E-8E4158F78343}.Release|x64.ActiveCfg = Release|x64
		{A6053B59-865F-49FE-873E-8E4158F78343}.Release|x64.Build.0 = Release|x64
		{A6053B59-865F-49FE-873E-8E4158F78343}.Release|x86.ActiveCfg = Release|Win32
		{A6053B59-865F-49FE-873E-8E4158F78343}.Release|x86.Build.0 = Release|Win32
		{75E15DEC-4650-4E39-A9B6-067448CB2435}.Debug|x64.ActiveCfg = Debug|x64
		{75E15DEC-4650-4E39-A9B6-067448CB2435}.Debug|x64.Build.0 = Debug|x64
		{75E15DEC-4650-4E39-A9B6-067448CB2435}.Debug|x86.ActiveCfg = Debug|Win32
		{75E15DEC-4650-4E39-A9B6-067448CB2435}.Debug|x86.Build.0 = Debug|Win32
		{75E15DEC-4650-4E39-A9B6-067448CB2435}.Release|x64.ActiveCfg = Release|x64
		{75E15DEC-4650-4E39-A9B6-067448CB2435}.Release|x64.Build.0 = Release|x64
		{75E15DEC-4650-4E39-A9B6-067448CB2435}.Release|x86.ActiveCfg = Release|Win32
		{75E15DEC-4650-4E39-A9B6-067448CB2435}.Release|x86.Build.0 = Release|Win32
	EndGlobalSection
	GlobalSection(SolutionProperties) = preSolution
		HideSolutionNode = FALSE
	EndGlobalSection
	GlobalSection(ExtensibilityGlobals) = postSolution
		SolutionGuid = {A8D4C415-CD1E-4A4C-A801-DE9D24ADC55F}
	EndGlobalSection
EndGlobal
